{
  "name": "phrase-cli",
  "version": "2.5.1-alpha",
  "lockfileVersion": 2,
  "requires": true,
  "packages": {
    "": {
      "name": "phrase-cli",
      "version": "2.5.1-alpha",
      "license": "MIT",
      "bin": {
        "phrase": "bin/phrase"
      },
      "optionalDependencies": {
        "phrase-cli-linux-32": "2.5.1-alpha",
        "phrase-cli-linux-64": "2.5.1-alpha",
        "phrase-cli-linux-arm": "2.5.1-alpha",
        "phrase-cli-macos-64": "2.5.1-alpha",
        "phrase-cli-macos-arm64": "2.5.1-alpha",
        "phrase-cli-windows-32": "2.5.1-alpha",
        "phrase-cli-windows-64": "2.5.1-alpha"
      }
    },
    "node_modules/phrase-cli-linux-64": {
      "version": "2.5.1-alpha",
      "resolved": "https://registry.npmjs.org/phrase-cli-linux-64/-/phrase-cli-linux-64-2.5.1-alpha.tgz",
      "integrity": "sha512-tjUbu6K0wTj4K5sA7b5IZEE3NdQdFKuDZhYHH20iIR/9/zWNzB8ll1C4jVuYVIycHy16KwDrWVfUuNrUnTB8DA==",
      "cpu": [
        "x64"
      ],
      "optional": true,
      "os": [
        "linux"
      ],
      "engines": {
        "node": ">=12"
      }
    },
    "node_modules/phrase-cli-macos-64": {
      "version": "2.5.1-alpha",
      "resolved": "https://registry.npmjs.org/phrase-cli-macos-64/-/phrase-cli-macos-64-2.5.1-alpha.tgz",
      "integrity": "sha512-1sOXKke61qt5l1xikETVn/3tsl6WEAalpLReg2iN+1dml9s9sgzDRVEjJx53AMHZsii5sSGl6YhwdM9T7v8gSQ==",
      "cpu": [
        "x64"
      ],
      "optional": true,
      "os": [
        "darwin"
      ],
      "engines": {
        "node": ">=12"
      }
    },
    "node_modules/phrase-cli-macos-arm64": {
      "version": "2.5.1-alpha",
      "resolved": "https://registry.npmjs.org/phrase-cli-macos-arm64/-/phrase-cli-macos-arm64-2.5.1-alpha.tgz",
      "integrity": "sha512-AjVzdBfE7cNNyJWHkqoA/UqgSSj0sIuVDDAHNBmHswqweaDvCcZRTvFqhP2Wldf5RdgaNeN+j/8/dECrxi4lsg==",
      "cpu": [
        "arm64"
      ],
      "optional": true,
      "os": [
        "darwin"
      ],
      "engines": {
        "node": ">=12"
      }
    },
    "node_modules/phrase-cli-windows-32": {
      "version": "2.5.1-alpha",
      "resolved": "https://registry.npmjs.org/phrase-cli-windows-32/-/phrase-cli-windows-32-2.5.1-alpha.tgz",
      "integrity": "sha512-ObzBASBtsXDDFXzZOyWoOX1VllqJVzJqTqcnNhpVT2Y3DE5UYd1RCN51f9HTjY5gfQDkObDD4PJYS96lFF3DkA==",
      "cpu": [
        "ia32"
      ],
      "optional": true,
      "os": [
        "win32"
      ],
      "engines": {
        "node": ">=12"
      }
    },
    "node_modules/phrase-cli-windows-64": {
      "version": "2.5.1-alpha",
      "resolved": "https://registry.npmjs.org/phrase-cli-windows-64/-/phrase-cli-windows-64-2.5.1-alpha.tgz",
      "integrity": "sha512-zIUO4oHa5c5rL5zlsCYQL1gAKJ4RW0YSfF3hhVREf+UwTPT3OmJw/ICp9pxfZOUopkhn13eSxALArrPF64OUDw==",
      "cpu": [
        "x64"
      ],
      "optional": true,
      "os": [
        "win32"
      ],
      "engines": {
        "node": ">=12"
      }
    }
  },
  "dependencies": {
    "phrase-cli-linux-64": {
      "version": "2.5.1-alpha",
      "resolved": "https://registry.npmjs.org/phrase-cli-linux-64/-/phrase-cli-linux-64-2.5.1-alpha.tgz",
      "integrity": "sha512-tjUbu6K0wTj4K5sA7b5IZEE3NdQdFKuDZhYHH20iIR/9/zWNzB8ll1C4jVuYVIycHy16KwDrWVfUuNrUnTB8DA==",
      "optional": true
    },
    "phrase-cli-macos-64": {
      "version": "2.5.1-alpha",
      "resolved": "https://registry.npmjs.org/phrase-cli-macos-64/-/phrase-cli-macos-64-2.5.1-alpha.tgz",
      "integrity": "sha512-1sOXKke61qt5l1xikETVn/3tsl6WEAalpLReg2iN+1dml9s9sgzDRVEjJx53AMHZsii5sSGl6YhwdM9T7v8gSQ==",
      "optional": true
    },
    "phrase-cli-macos-arm64": {
      "version": "2.5.1-alpha",
      "resolved": "https://registry.npmjs.org/phrase-cli-macos-arm64/-/phrase-cli-macos-arm64-2.5.1-alpha.tgz",
      "integrity": "sha512-AjVzdBfE7cNNyJWHkqoA/UqgSSj0sIuVDDAHNBmHswqweaDvCcZRTvFqhP2Wldf5RdgaNeN+j/8/dECrxi4lsg==",
      "optional": true
    },
    "phrase-cli-windows-32": {
      "version": "2.5.1-alpha",
      "resolved": "https://registry.npmjs.org/phrase-cli-windows-32/-/phrase-cli-windows-32-2.5.1-alpha.tgz",
      "integrity": "sha512-ObzBASBtsXDDFXzZOyWoOX1VllqJVzJqTqcnNhpVT2Y3DE5UYd1RCN51f9HTjY5gfQDkObDD4PJYS96lFF3DkA==",
      "optional": true
    },
    "phrase-cli-windows-64": {
      "version": "2.5.1-alpha",
      "resolved": "https://registry.npmjs.org/phrase-cli-windows-64/-/phrase-cli-windows-64-2.5.1-alpha.tgz",
      "integrity": "sha512-zIUO4oHa5c5rL5zlsCYQL1gAKJ4RW0YSfF3hhVREf+UwTPT3OmJw/ICp9pxfZOUopkhn13eSxALArrPF64OUDw==",
      "optional": true
    }
  }
}
